{
  "lockfile_version": "1",
  "packages": {
    "atuin@latest": {
      "last_modified": "2024-05-01T20:12:28Z",
      "resolved": "github:NixOS/nixpkgs/1c74cc292b61614e74c1cf0d372f79d57fb4936b#atuin",
      "source": "devbox-search",
      "version": "18.2.0",
      "systems": {
        "aarch64-darwin": {
          "outputs": [
            {
              "name": "out",
              "path": "/nix/store/l5c6002cms6lqs5dhs2b152qf8vgcsl9-atuin-18.2.0",
              "default": true
            }
          ],
          "store_path": "/nix/store/l5c6002cms6lqs5dhs2b152qf8vgcsl9-atuin-18.2.0"
        },
        "aarch64-linux": {
          "outputs": [
            {
              "name": "out",
              "path": "/nix/store/8hg1kckl7mqy1lnv2izp9h2n69z8hmqw-atuin-18.2.0",
              "default": true
            }
          ],
          "store_path": "/nix/store/8hg1kckl7mqy1lnv2izp9h2n69z8hmqw-atuin-18.2.0"
        },
        "x86_64-darwin": {
          "outputs": [
            {
              "name": "out",
              "path": "/nix/store/3ma71245rk2ir52p8b631xcf81af6aj8-atuin-18.2.0",
              "default": true
            }
          ],
          "store_path": "/nix/store/3ma71245rk2ir52p8b631xcf81af6aj8-atuin-18.2.0"
        },
        "x86_64-linux": {
          "outputs": [
            {
              "name": "out",
              "path": "/nix/store/f851b3gi87y9jcr0fcb0w5c9qk0sn139-atuin-18.2.0",
              "default": true
            }
          ],
          "store_path": "/nix/store/f851b3gi87y9jcr0fcb0w5c9qk0sn139-atuin-18.2.0"
        }
      }
    },
    "bat@latest": {
      "last_modified": "2024-05-01T20:12:28Z",
      "resolved": "github:NixOS/nixpkgs/1c74cc292b61614e74c1cf0d372f79d57fb4936b#bat",
      "source": "devbox-search",
      "version": "0.24.0",
      "systems": {
        "aarch64-darwin": {
          "outputs": [
            {
              "name": "out",
              "path": "/nix/store/y5ivqqi6qsrl1cx43bzjx54lwzmn5nlq-bat-0.24.0",
              "default": true
            }
          ],
          "store_path": "/nix/store/y5ivqqi6qsrl1cx43bzjx54lwzmn5nlq-bat-0.24.0"
        },
        "aarch64-linux": {
          "outputs": [
            {
              "name": "out",
              "path": "/nix/store/6in98qzmj5hzgjvxwickh7wpaaamn8cc-bat-0.24.0",
              "default": true
            }
          ],
          "store_path": "/nix/store/6in98qzmj5hzgjvxwickh7wpaaamn8cc-bat-0.24.0"
        },
        "x86_64-darwin": {
          "outputs": [
            {
              "name": "out",
              "path": "/nix/store/y1lkjqzbdl7vsr2fpwgf95nngg4vaikb-bat-0.24.0",
              "default": true
            }
          ],
          "store_path": "/nix/store/y1lkjqzbdl7vsr2fpwgf95nngg4vaikb-bat-0.24.0"
        },
        "x86_64-linux": {
          "outputs": [
            {
              "name": "out",
              "path": "/nix/store/8iafkixj71qgpkiwp1alwsf3y10g50mi-bat-0.24.0",
              "default": true
            }
          ],
          "store_path": "/nix/store/8iafkixj71qgpkiwp1alwsf3y10g50mi-bat-0.24.0"
        }
      }
    },
    "btop@latest": {
      "last_modified": "2024-04-19T21:36:04Z",
      "resolved": "github:NixOS/nixpkgs/92d295f588631b0db2da509f381b4fb1e74173c5#btop",
      "source": "devbox-search",
      "version": "1.3.2",
      "systems": {
        "aarch64-darwin": {
          "outputs": [
            {
              "name": "out",
              "path": "/nix/store/pi32dhs6wz6wa0hkc7vam8ypygvdggbz-btop-1.3.2",
              "default": true
            }
          ],
          "store_path": "/nix/store/pi32dhs6wz6wa0hkc7vam8ypygvdggbz-btop-1.3.2"
        },
        "aarch64-linux": {
          "outputs": [
            {
              "name": "out",
              "path": "/nix/store/b57q18xvcv13kf1gnpy6ng8bg486lapi-btop-1.3.2",
              "default": true
            }
          ],
          "store_path": "/nix/store/b57q18xvcv13kf1gnpy6ng8bg486lapi-btop-1.3.2"
        },
        "x86_64-darwin": {
          "outputs": [
            {
              "name": "out",
              "path": "/nix/store/191q770gn2jzv00ffql4wha0l4fa1hd3-btop-1.3.2",
              "default": true
            }
          ],
          "store_path": "/nix/store/191q770gn2jzv00ffql4wha0l4fa1hd3-btop-1.3.2"
        },
        "x86_64-linux": {
          "outputs": [
            {
              "name": "out",
              "path": "/nix/store/afiyrw6javwvwg692j8vaij3ghnap0h3-btop-1.3.2",
              "default": true
            }
          ],
          "store_path": "/nix/store/afiyrw6javwvwg692j8vaij3ghnap0h3-btop-1.3.2"
        }
      }
    },
    "cheat@latest": {
      "last_modified": "2024-04-19T21:36:04Z",
      "resolved": "github:NixOS/nixpkgs/92d295f588631b0db2da509f381b4fb1e74173c5#cheat",
      "source": "devbox-search",
      "version": "4.4.2",
      "systems": {
        "aarch64-darwin": {
          "outputs": [
            {
              "name": "out",
              "path": "/nix/store/vf4z5cbzykwi30nmmwisqhk9i4p4pxi0-cheat-4.4.2",
              "default": true
            }
          ],
          "store_path": "/nix/store/vf4z5cbzykwi30nmmwisqhk9i4p4pxi0-cheat-4.4.2"
        },
        "aarch64-linux": {
          "outputs": [
            {
              "name": "out",
              "path": "/nix/store/gm5bh762h14ghg6l38r5gv4dycqn629j-cheat-4.4.2",
              "default": true
            }
          ],
          "store_path": "/nix/store/gm5bh762h14ghg6l38r5gv4dycqn629j-cheat-4.4.2"
        },
        "x86_64-darwin": {
          "outputs": [
            {
              "name": "out",
              "path": "/nix/store/53lhmqh8gpq9az8g82xn0fdvwk7sypl6-cheat-4.4.2",
              "default": true
            }
          ],
          "store_path": "/nix/store/53lhmqh8gpq9az8g82xn0fdvwk7sypl6-cheat-4.4.2"
        },
        "x86_64-linux": {
          "outputs": [
            {
              "name": "out",
              "path": "/nix/store/q88pzxz9kq3a16q3ihccrn9bplzjjh7s-cheat-4.4.2",
              "default": true
            }
          ],
          "store_path": "/nix/store/q88pzxz9kq3a16q3ihccrn9bplzjjh7s-cheat-4.4.2"
        }
      }
    },
    "direnv@latest": {
      "last_modified": "2024-04-19T21:36:04Z",
      "resolved": "github:NixOS/nixpkgs/92d295f588631b0db2da509f381b4fb1e74173c5#direnv",
      "source": "devbox-search",
      "version": "2.34.0",
      "systems": {
        "aarch64-darwin": {
          "outputs": [
            {
              "name": "out",
              "path": "/nix/store/hgm0fkra60afaw2bfm66y9r337xghh5b-direnv-2.34.0",
              "default": true
            }
          ],
          "store_path": "/nix/store/hgm0fkra60afaw2bfm66y9r337xghh5b-direnv-2.34.0"
        },
        "aarch64-linux": {
          "outputs": [
            {
              "name": "out",
              "path": "/nix/store/0cg80qfmzla5awni5bbv0xw2p7zkb5zq-direnv-2.34.0",
              "default": true
            }
          ],
          "store_path": "/nix/store/0cg80qfmzla5awni5bbv0xw2p7zkb5zq-direnv-2.34.0"
        },
        "x86_64-darwin": {
          "outputs": [
            {
              "name": "out",
              "path": "/nix/store/qagbka4vibpqi908p9520smj9vhisc0y-direnv-2.34.0",
              "default": true
            }
          ],
          "store_path": "/nix/store/qagbka4vibpqi908p9520smj9vhisc0y-direnv-2.34.0"
        },
        "x86_64-linux": {
          "outputs": [
            {
              "name": "out",
              "path": "/nix/store/vgsya11phi7cs65kn4nmv7hyhjavhn1p-direnv-2.34.0",
              "default": true
            }
          ],
          "store_path": "/nix/store/vgsya11phi7cs65kn4nmv7hyhjavhn1p-direnv-2.34.0"
        }
      }
    },
    "eza@latest": {
      "last_modified": "2024-05-03T15:42:32Z",
      "resolved": "github:NixOS/nixpkgs/5fd8536a9a5932d4ae8de52b7dc08d92041237fc#eza",
      "source": "devbox-search",
      "version": "0.18.14",
      "systems": {
        "aarch64-darwin": {
          "outputs": [
            {
              "name": "out",
              "path": "/nix/store/3ji23pz1x94g0cj45r3cphmrll6vlh6w-eza-0.18.14",
              "default": true
            },
            {
              "name": "man",
              "path": "/nix/store/qrg0j3i39834p5zg4n397r85ki00251x-eza-0.18.14-man",
              "default": true
            }
          ],
          "store_path": "/nix/store/3ji23pz1x94g0cj45r3cphmrll6vlh6w-eza-0.18.14"
        },
        "aarch64-linux": {
          "outputs": [
            {
              "name": "out",
              "path": "/nix/store/18iq40jj7j6v464g4fblha8c2jpfgqgn-eza-0.18.14",
              "default": true
            },
            {
              "name": "man",
              "path": "/nix/store/nnanplpjg5cba8zsb08sq8pzdhrmy324-eza-0.18.14-man",
              "default": true
            }
          ],
          "store_path": "/nix/store/18iq40jj7j6v464g4fblha8c2jpfgqgn-eza-0.18.14"
        },
        "x86_64-darwin": {
          "outputs": [
            {
              "name": "out",
              "path": "/nix/store/aba6q54ac62kgf7wkpqr1skb3f8pzx5j-eza-0.18.14",
              "default": true
            },
            {
              "name": "man",
              "path": "/nix/store/p7y3d1n0h0awrkfqxs9l482b84mb6dv7-eza-0.18.14-man",
              "default": true
            }
          ],
          "store_path": "/nix/store/aba6q54ac62kgf7wkpqr1skb3f8pzx5j-eza-0.18.14"
        },
        "x86_64-linux": {
          "outputs": [
            {
              "name": "out",
              "path": "/nix/store/sb33b4iyrs9cl3swgs56dm96ah9nwsgr-eza-0.18.14",
              "default": true
            },
            {
              "name": "man",
              "path": "/nix/store/j9l6gq3ibrmpgy1pqn38b6x7jx90x98j-eza-0.18.14-man",
              "default": true
            }
          ],
          "store_path": "/nix/store/sb33b4iyrs9cl3swgs56dm96ah9nwsgr-eza-0.18.14"
        }
      }
    },
    "fzf@latest": {
      "last_modified": "2024-05-06T06:27:37Z",
      "resolved": "github:NixOS/nixpkgs/dd1290b0f857782a60b251f89651c831cd3eef9d#fzf",
      "source": "devbox-search",
      "version": "0.51.0",
      "systems": {
        "aarch64-darwin": {
          "outputs": [
            {
              "name": "out",
              "path": "/nix/store/mzpbqw9lqf61bspay0xhx0k5f98yir2i-fzf-0.51.0",
              "default": true
            },
            {
              "name": "man",
              "path": "/nix/store/q7gjl6jidc1lr4s7f3dzpdr0pp1jhs1i-fzf-0.51.0-man",
              "default": true
            }
          ],
          "store_path": "/nix/store/mzpbqw9lqf61bspay0xhx0k5f98yir2i-fzf-0.51.0"
        },
        "aarch64-linux": {
          "outputs": [
            {
              "name": "out",
              "path": "/nix/store/hscdsn1ah0n31xb685acjkyx4259xgn8-fzf-0.51.0",
              "default": true
            },
            {
              "name": "man",
              "path": "/nix/store/9bd88whcvspjx1190dnl2f4ar3zz0q5s-fzf-0.51.0-man",
              "default": true
            }
          ],
          "store_path": "/nix/store/hscdsn1ah0n31xb685acjkyx4259xgn8-fzf-0.51.0"
        },
        "x86_64-darwin": {
          "outputs": [
            {
              "name": "out",
              "path": "/nix/store/q4qx91rgqzy2931z6x6kli7lvjl3xs3c-fzf-0.51.0",
              "default": true
            },
            {
              "name": "man",
              "path": "/nix/store/5qjf18766ls59j50dzzg3r8f6bq42i6h-fzf-0.51.0-man",
              "default": true
            }
          ],
          "store_path": "/nix/store/q4qx91rgqzy2931z6x6kli7lvjl3xs3c-fzf-0.51.0"
        },
        "x86_64-linux": {
          "outputs": [
            {
              "name": "out",
              "path": "/nix/store/z032xi5hmw4wsmkzajxavj73ywyh1as7-fzf-0.51.0",
              "default": true
            },
            {
              "name": "man",
              "path": "/nix/store/34bkla99r4a7gan5wha7ssrjs6dd3bzr-fzf-0.51.0-man",
              "default": true
            }
          ],
          "store_path": "/nix/store/z032xi5hmw4wsmkzajxavj73ywyh1as7-fzf-0.51.0"
        }
      }
    },
    "git@latest": {
      "last_modified": "2024-05-01T20:12:28Z",
      "resolved": "github:NixOS/nixpkgs/1c74cc292b61614e74c1cf0d372f79d57fb4936b#git",
      "source": "devbox-search",
      "version": "2.44.0",
      "systems": {
        "aarch64-darwin": {
          "outputs": [
            {
              "name": "out",
              "path": "/nix/store/m0xxxwbvmfkpr2xl8xglp6pdcy2b32yr-git-2.44.0",
              "default": true
            },
            {
              "name": "doc",
              "path": "/nix/store/ixfyjbvrvcgjd6pvlmwd837n7gpacpsh-git-2.44.0-doc"
            }
          ],
          "store_path": "/nix/store/m0xxxwbvmfkpr2xl8xglp6pdcy2b32yr-git-2.44.0"
        },
        "aarch64-linux": {
          "outputs": [
            {
              "name": "out",
              "path": "/nix/store/rmvzsr7815npnnisqj7lxsha206ipba6-git-2.44.0",
              "default": true
            },
            {
              "name": "debug",
              "path": "/nix/store/791yz6dpkms3dd8qsw7c8al6gq19icn6-git-2.44.0-debug"
            },
            {
              "name": "doc",
              "path": "/nix/store/60ksc8m233f52wh8kn6is8m2g2vjgwh1-git-2.44.0-doc"
            }
          ],
          "store_path": "/nix/store/rmvzsr7815npnnisqj7lxsha206ipba6-git-2.44.0"
        },
        "x86_64-darwin": {
          "outputs": [
            {
              "name": "out",
              "path": "/nix/store/31aiia9d9zfmk53wsc2pkixipmhpb2s6-git-2.44.0",
              "default": true
            },
            {
              "name": "doc",
              "path": "/nix/store/r10zhb4fvl4mgkwk67nc30mp0z3qs384-git-2.44.0-doc"
            }
          ],
          "store_path": "/nix/store/31aiia9d9zfmk53wsc2pkixipmhpb2s6-git-2.44.0"
        },
        "x86_64-linux": {
          "outputs": [
            {
              "name": "out",
              "path": "/nix/store/apl2ibxqrxbbj6z79nfgv892999z1zyv-git-2.44.0",
              "default": true
            },
            {
              "name": "debug",
              "path": "/nix/store/8ibxf7vhwzn2iqzggksgj7wmfph6krr4-git-2.44.0-debug"
            },
            {
              "name": "doc",
              "path": "/nix/store/ylvh2h3hr0m5578rs6ms184923xvsd1j-git-2.44.0-doc"
            }
          ],
          "store_path": "/nix/store/apl2ibxqrxbbj6z79nfgv892999z1zyv-git-2.44.0"
        }
      }
    },
    "htop@latest": {
      "last_modified": "2024-05-01T20:12:28Z",
      "resolved": "github:NixOS/nixpkgs/1c74cc292b61614e74c1cf0d372f79d57fb4936b#htop",
      "source": "devbox-search",
      "version": "3.3.0",
      "systems": {
        "aarch64-darwin": {
          "outputs": [
            {
              "name": "out",
              "path": "/nix/store/a12gjyl0zd8i649vhmgyr92md0sm5b55-htop-3.3.0",
              "default": true
            }
          ],
          "store_path": "/nix/store/a12gjyl0zd8i649vhmgyr92md0sm5b55-htop-3.3.0"
        },
        "aarch64-linux": {
          "outputs": [
            {
              "name": "out",
              "path": "/nix/store/005i6jz066d175bv9q5qkkz5wvglhila-htop-3.3.0",
              "default": true
            }
          ],
          "store_path": "/nix/store/005i6jz066d175bv9q5qkkz5wvglhila-htop-3.3.0"
        },
        "x86_64-darwin": {
          "outputs": [
            {
              "name": "out",
              "path": "/nix/store/mn6pkhdngv7mjb0ljyn4a9w5cg6h3gvb-htop-3.3.0",
              "default": true
            }
          ],
          "store_path": "/nix/store/mn6pkhdngv7mjb0ljyn4a9w5cg6h3gvb-htop-3.3.0"
        },
        "x86_64-linux": {
          "outputs": [
            {
              "name": "out",
              "path": "/nix/store/kzgs53ldwniiinwj8r07kcbl0cq64q1c-htop-3.3.0",
              "default": true
            }
          ],
          "store_path": "/nix/store/kzgs53ldwniiinwj8r07kcbl0cq64q1c-htop-3.3.0"
        }
      }
    },
    "jq@latest": {
      "last_modified": "2024-05-06T23:18:04Z",
      "resolved": "github:NixOS/nixpkgs/ad7efee13e0d216bf29992311536fce1d3eefbef#jq",
      "source": "devbox-search",
      "version": "1.7.1",
      "systems": {
        "aarch64-darwin": {
          "outputs": [
            {
              "name": "bin",
              "path": "/nix/store/xa19z3h3jph7gi92m4p0dc0b5zkm17a0-jq-1.7.1-bin",
              "default": true
            },
            {
              "name": "man",
              "path": "/nix/store/m4xhi6qsc0zai3klhmbag95a5mjlrhha-jq-1.7.1-man",
              "default": true
            },
            {
              "name": "doc",
              "path": "/nix/store/bfq3qd1c27as6n1l4kj38n17p2rabhir-jq-1.7.1-doc"
            },
            {
              "name": "lib",
              "path": "/nix/store/6g9sfzlr7fkk6nbjgmhk6w2qm5a56z7b-jq-1.7.1-lib"
            },
            {
              "name": "out",
              "path": "/nix/store/vrqvagim59239awvah20bd9hv0dgdljj-jq-1.7.1"
            },
            {
              "name": "dev",
              "path": "/nix/store/jaz59nmb5wx4y6qvblbxpc9vgc0i2ggy-jq-1.7.1-dev"
            }
          ],
          "store_path": "/nix/store/xa19z3h3jph7gi92m4p0dc0b5zkm17a0-jq-1.7.1-bin"
        },
        "aarch64-linux": {
          "outputs": [
            {
              "name": "bin",
              "path": "/nix/store/0r6cdlfkfjg7kjj6hxlv7skj9pdj4p1n-jq-1.7.1-bin",
              "default": true
            },
            {
              "name": "man",
              "path": "/nix/store/lw58fijahfhjlzgyas1dsmzh7pcnaxdv-jq-1.7.1-man",
              "default": true
            },
            {
              "name": "out",
              "path": "/nix/store/yc03gg2sbvys482z30apk0gn12dl9xvh-jq-1.7.1"
            },
            {
              "name": "dev",
              "path": "/nix/store/zd99p8zsbm253ml6x68k42n4dkpl0mmr-jq-1.7.1-dev"
            },
            {
              "name": "doc",
              "path": "/nix/store/bpyisv6j1ghm2c1bch7af83jm67nivzj-jq-1.7.1-doc"
            },
            {
              "name": "lib",
              "path": "/nix/store/jhpgvrw90q75lchjai474amwyf8724xk-jq-1.7.1-lib"
            }
          ],
          "store_path": "/nix/store/0r6cdlfkfjg7kjj6hxlv7skj9pdj4p1n-jq-1.7.1-bin"
        },
        "x86_64-darwin": {
          "outputs": [
            {
              "name": "bin",
              "path": "/nix/store/svqjdv481d0p2vcwxr14znd74wn0fwkm-jq-1.7.1-bin",
              "default": true
            },
            {
              "name": "man",
              "path": "/nix/store/z6k3j98r17lm7s9hvh4xh7ypkdj18w9q-jq-1.7.1-man",
              "default": true
            },
            {
              "name": "dev",
              "path": "/nix/store/9c78in5zfjw0wl5yf3cp6gzln8r4nmxr-jq-1.7.1-dev"
            },
            {
              "name": "doc",
              "path": "/nix/store/i0x7sw50y35anqf84xmwq4b48arnhdjf-jq-1.7.1-doc"
            },
            {
              "name": "lib",
              "path": "/nix/store/5a8lny78xg9cwcz2qd87nsi5gcn5v32n-jq-1.7.1-lib"
            },
            {
              "name": "out",
              "path": "/nix/store/n5bjrjdv6kn5kgcfkjqibirxhs8yh7vv-jq-1.7.1"
            }
          ],
          "store_path": "/nix/store/svqjdv481d0p2vcwxr14znd74wn0fwkm-jq-1.7.1-bin"
        },
        "x86_64-linux": {
          "outputs": [
            {
              "name": "bin",
              "path": "/nix/store/cbgw9mvxl7s93l700xwr71syg1ppbs5l-jq-1.7.1-bin",
              "default": true
            },
            {
              "name": "man",
              "path": "/nix/store/fh2pylnsv887ycj0spvr7vl3622ydyx7-jq-1.7.1-man",
              "default": true
            },
            {
              "name": "out",
              "path": "/nix/store/q595nw2fzmzh2l2p8glfgzc9v5hl7dxf-jq-1.7.1"
            },
            {
              "name": "dev",
              "path": "/nix/store/j8s6l3xspg0jwlm4120ri4wywwajcdjp-jq-1.7.1-dev"
            },
            {
              "name": "doc",
              "path": "/nix/store/0q856fk6f12jw1lrb49i5hky9xhssdw0-jq-1.7.1-doc"
            },
            {
              "name": "lib",
              "path": "/nix/store/89b3jfhcgv02zlscsipwifsk1yscxk33-jq-1.7.1-lib"
            }
          ],
          "store_path": "/nix/store/cbgw9mvxl7s93l700xwr71syg1ppbs5l-jq-1.7.1-bin"
        }
      }
    },
    "neovim@latest": {
      "last_modified": "2024-05-01T20:12:28Z",
      "resolved": "github:NixOS/nixpkgs/1c74cc292b61614e74c1cf0d372f79d57fb4936b#neovim",
      "source": "devbox-search",
      "version": "0.9.5",
      "systems": {
        "aarch64-darwin": {
          "outputs": [
            {
              "name": "out",
              "path": "/nix/store/qwsk3jfgs45jyl8b4c58gj0pmzw90vsd-neovim-0.9.5",
              "default": true
            }
          ],
          "store_path": "/nix/store/qwsk3jfgs45jyl8b4c58gj0pmzw90vsd-neovim-0.9.5"
        },
        "aarch64-linux": {
          "outputs": [
            {
              "name": "out",
              "path": "/nix/store/5m0vhlidd3nhhzjchj9fa7zczj1vpbk3-neovim-0.9.5",
              "default": true
            }
          ],
          "store_path": "/nix/store/5m0vhlidd3nhhzjchj9fa7zczj1vpbk3-neovim-0.9.5"
        },
        "x86_64-darwin": {
          "outputs": [
            {
              "name": "out",
              "path": "/nix/store/l1p2x3hi7j3s6h4i28nzhqk087piiin9-neovim-0.9.5",
              "default": true
            }
          ],
          "store_path": "/nix/store/l1p2x3hi7j3s6h4i28nzhqk087piiin9-neovim-0.9.5"
        },
        "x86_64-linux": {
          "outputs": [
            {
              "name": "out",
              "path": "/nix/store/dr53sp25hyfsnzjpm8mh3r3y36vrw3ng-neovim-0.9.5",
              "default": true
            }
          ],
          "store_path": "/nix/store/dr53sp25hyfsnzjpm8mh3r3y36vrw3ng-neovim-0.9.5"
        }
      }
    },
    "nodejs@latest": {
      "last_modified": "2024-04-25T07:38:28Z",
      "plugin_version": "0.0.2",
      "resolved": "github:NixOS/nixpkgs/b0d52b31f7f4d80f8bf38f0253652125579c35ff#nodejs_22",
      "source": "devbox-search",
      "version": "22.0.0",
      "systems": {
        "aarch64-darwin": {
          "outputs": [
            {
              "name": "out",
              "path": "/nix/store/972dscdvkqhr81j2w1c74vlx2y4kfyzh-nodejs-22.0.0",
              "default": true
            },
            {
              "name": "libv8",
              "path": "/nix/store/z5fns5qrp1s53kys1v0bxfz2lk407773-nodejs-22.0.0-libv8"
            }
          ],
          "store_path": "/nix/store/972dscdvkqhr81j2w1c74vlx2y4kfyzh-nodejs-22.0.0"
        },
        "aarch64-linux": {
          "outputs": [
            {
              "name": "out",
              "path": "/nix/store/hcg06mvvlc7b33mg1zs2s4w3l32xpbvq-nodejs-22.0.0",
              "default": true
            },
            {
              "name": "libv8",
              "path": "/nix/store/8b9dlk35wy6x3sx6ld89ky7p41pwir99-nodejs-22.0.0-libv8"
            }
          ],
          "store_path": "/nix/store/hcg06mvvlc7b33mg1zs2s4w3l32xpbvq-nodejs-22.0.0"
        },
        "x86_64-darwin": {
          "outputs": [
            {
              "name": "out",
              "path": "/nix/store/3776rlwv2q8fvgh6lhi44v0gxck1hkqx-nodejs-22.0.0",
              "default": true
            },
            {
              "name": "libv8",
              "path": "/nix/store/3vhll9yxmcabk6lv6yz14ixixpim5j4a-nodejs-22.0.0-libv8"
            }
          ],
          "store_path": "/nix/store/3776rlwv2q8fvgh6lhi44v0gxck1hkqx-nodejs-22.0.0"
        },
        "x86_64-linux": {
          "outputs": [
            {
              "name": "out",
              "path": "/nix/store/nx76dx71yjni4bajdn9pshxqs38lkj29-nodejs-22.0.0",
              "default": true
            },
            {
              "name": "libv8",
              "path": "/nix/store/xakj3aq9bzxyvanpy6yfqg1ghmjjnkri-nodejs-22.0.0-libv8"
            }
          ],
          "store_path": "/nix/store/nx76dx71yjni4bajdn9pshxqs38lkj29-nodejs-22.0.0"
        }
      }
    },
    "python3Full@latest": {
      "last_modified": "2024-04-19T21:36:04Z",
      "plugin_version": "0.0.3",
      "resolved": "github:NixOS/nixpkgs/92d295f588631b0db2da509f381b4fb1e74173c5#python311Full",
      "source": "devbox-search",
      "version": "3.11.9",
      "systems": {
        "aarch64-darwin": {
          "outputs": [
            {
              "name": "out",
              "path": "/nix/store/gq95lmdcqm8j2ipq0mh66x3r54z8l61q-python3-3.11.9",
              "default": true
            }
          ],
          "store_path": "/nix/store/gq95lmdcqm8j2ipq0mh66x3r54z8l61q-python3-3.11.9"
        },
        "aarch64-linux": {
          "outputs": [
            {
              "name": "out",
              "path": "/nix/store/5v4a8kbihybj0b245anvr61wp6nvsz8v-python3-3.11.9",
              "default": true
            },
            {
              "name": "debug",
              "path": "/nix/store/z8a728bga2mibycxigc71d2a1vxm49v9-python3-3.11.9-debug"
            }
          ],
          "store_path": "/nix/store/5v4a8kbihybj0b245anvr61wp6nvsz8v-python3-3.11.9"
        },
        "x86_64-darwin": {
          "outputs": [
            {
              "name": "out",
              "path": "/nix/store/2xrykdqq4dbgblw3dwj5bsqlmfs7xzhy-python3-3.11.9",
              "default": true
            }
          ],
          "store_path": "/nix/store/2xrykdqq4dbgblw3dwj5bsqlmfs7xzhy-python3-3.11.9"
        },
        "x86_64-linux": {
          "outputs": [
            {
              "name": "out",
              "path": "/nix/store/xzn1zm4ys3njhb6h9v7g2kyaviy1nc88-python3-3.11.9",
              "default": true
            },
            {
              "name": "debug",
              "path": "/nix/store/yb1nhw928x370fyqfh4z2d766lxbh1b1-python3-3.11.9-debug"
            }
          ],
          "store_path": "/nix/store/xzn1zm4ys3njhb6h9v7g2kyaviy1nc88-python3-3.11.9"
        }
      }
    },
    "ripgrep@latest": {
      "last_modified": "2024-05-01T20:12:28Z",
      "resolved": "github:NixOS/nixpkgs/1c74cc292b61614e74c1cf0d372f79d57fb4936b#ripgrep",
      "source": "devbox-search",
      "version": "14.1.0",
      "systems": {
        "aarch64-darwin": {
          "outputs": [
            {
              "name": "out",
              "path": "/nix/store/xp39mgfiz25567l6kbl4z1v24f8b6fhv-ripgrep-14.1.0",
              "default": true
            }
          ],
          "store_path": "/nix/store/xp39mgfiz25567l6kbl4z1v24f8b6fhv-ripgrep-14.1.0"
        },
        "aarch64-linux": {
          "outputs": [
            {
              "name": "out",
              "path": "/nix/store/mgnx8cbnxwvwr0d2gd6660cxfhln6b3s-ripgrep-14.1.0",
              "default": true
            }
          ],
          "store_path": "/nix/store/mgnx8cbnxwvwr0d2gd6660cxfhln6b3s-ripgrep-14.1.0"
        },
        "x86_64-darwin": {
          "outputs": [
            {
              "name": "out",
              "path": "/nix/store/1d6vicb4qbicicw8b4vqfimyg6pb8bgb-ripgrep-14.1.0",
              "default": true
            }
          ],
          "store_path": "/nix/store/1d6vicb4qbicicw8b4vqfimyg6pb8bgb-ripgrep-14.1.0"
        },
        "x86_64-linux": {
          "outputs": [
            {
              "name": "out",
              "path": "/nix/store/mnprkpiv9bilam2hfsi1n43sdydq0j21-ripgrep-14.1.0",
              "default": true
            }
          ],
          "store_path": "/nix/store/mnprkpiv9bilam2hfsi1n43sdydq0j21-ripgrep-14.1.0"
        }
      }
    },
    "starship@latest": {
      "last_modified": "2024-05-01T20:12:28Z",
      "resolved": "github:NixOS/nixpkgs/1c74cc292b61614e74c1cf0d372f79d57fb4936b#starship",
      "source": "devbox-search",
      "version": "1.18.2",
      "systems": {
        "aarch64-darwin": {
          "outputs": [
            {
              "name": "out",
              "path": "/nix/store/541yxg1ws5wsfbv0cn0yc20g244394y2-starship-1.18.2",
              "default": true
            }
          ],
          "store_path": "/nix/store/541yxg1ws5wsfbv0cn0yc20g244394y2-starship-1.18.2"
        },
        "aarch64-linux": {
          "outputs": [
            {
              "name": "out",
              "path": "/nix/store/p5hxk8im5xs78igjiih3xcpc9pljah7r-starship-1.18.2",
              "default": true
            }
          ],
          "store_path": "/nix/store/p5hxk8im5xs78igjiih3xcpc9pljah7r-starship-1.18.2"
        },
        "x86_64-darwin": {
          "outputs": [
            {
              "name": "out",
              "path": "/nix/store/c7679g7fjjyr5078yqz3fxdid62w24gf-starship-1.18.2",
              "default": true
            }
          ],
          "store_path": "/nix/store/c7679g7fjjyr5078yqz3fxdid62w24gf-starship-1.18.2"
        },
        "x86_64-linux": {
          "outputs": [
            {
              "name": "out",
              "path": "/nix/store/kcvvk2jbqkdqvvsqmhnrznsm3azkd9yh-starship-1.18.2",
              "default": true
            }
          ],
          "store_path": "/nix/store/kcvvk2jbqkdqvvsqmhnrznsm3azkd9yh-starship-1.18.2"
        }
      }
    },
    "tree-sitter@latest": {
      "last_modified": "2024-05-03T15:42:32Z",
      "resolved": "github:NixOS/nixpkgs/5fd8536a9a5932d4ae8de52b7dc08d92041237fc#tree-sitter",
      "source": "devbox-search",
      "version": "0.22.5",
      "systems": {
        "aarch64-darwin": {
          "outputs": [
            {
              "name": "out",
              "path": "/nix/store/q7mzv53cfg4ybbr8495abs1g86kn51d0-tree-sitter-0.22.5",
              "default": true
            }
          ],
          "store_path": "/nix/store/q7mzv53cfg4ybbr8495abs1g86kn51d0-tree-sitter-0.22.5"
        },
        "aarch64-linux": {
          "outputs": [
            {
              "name": "out",
              "path": "/nix/store/k31kkh5lp0qg8757h8l8gg8r7hf9nbsk-tree-sitter-0.22.5",
              "default": true
            }
          ],
          "store_path": "/nix/store/k31kkh5lp0qg8757h8l8gg8r7hf9nbsk-tree-sitter-0.22.5"
        },
        "x86_64-darwin": {
          "outputs": [
            {
              "name": "out",
              "path": "/nix/store/imqsgd29r30akg68x461i0b1c49kaksh-tree-sitter-0.22.5",
              "default": true
            }
          ],
          "store_path": "/nix/store/imqsgd29r30akg68x461i0b1c49kaksh-tree-sitter-0.22.5"
        },
        "x86_64-linux": {
          "outputs": [
            {
              "name": "out",
              "path": "/nix/store/0xqx8a9r8fyasrl35zg5j4dz6f7s6vfr-tree-sitter-0.22.5",
              "default": true
            }
          ],
          "store_path": "/nix/store/0xqx8a9r8fyasrl35zg5j4dz6f7s6vfr-tree-sitter-0.22.5"
        }
      }
    },
    "yq@latest": {
      "last_modified": "2024-05-03T15:42:32Z",
      "resolved": "github:NixOS/nixpkgs/5fd8536a9a5932d4ae8de52b7dc08d92041237fc#yq",
      "source": "devbox-search",
      "version": "3.4.3",
      "systems": {
        "aarch64-darwin": {
          "outputs": [
            {
              "name": "out",
              "path": "/nix/store/a2fl3r5yz6sn3y76hp297v9vxg6rsxvm-python3.11-yq-3.4.3",
              "default": true
            },
            {
              "name": "dist",
              "path": "/nix/store/q2ssx3l2c3kdfi0z689xwdp43136cm3g-python3.11-yq-3.4.3-dist"
            }
          ],
          "store_path": "/nix/store/a2fl3r5yz6sn3y76hp297v9vxg6rsxvm-python3.11-yq-3.4.3"
        },
        "aarch64-linux": {
          "outputs": [
            {
              "name": "out",
              "path": "/nix/store/fjq379l09b2mpjfd6nfq2m061fvipasw-python3.11-yq-3.4.3",
              "default": true
            },
            {
              "name": "dist",
              "path": "/nix/store/c17fymgzsv3dx55wl0hf1c6savil4zrb-python3.11-yq-3.4.3-dist"
            }
          ],
          "store_path": "/nix/store/fjq379l09b2mpjfd6nfq2m061fvipasw-python3.11-yq-3.4.3"
        },
        "x86_64-darwin": {
          "outputs": [
            {
              "name": "out",
              "path": "/nix/store/w84j63jqij1adzwd7667nr9rakb27364-python3.11-yq-3.4.3",
              "default": true
            },
            {
              "name": "dist",
              "path": "/nix/store/dyiyjysd4wdj98qxbji4wd1wgbxbsnlp-python3.11-yq-3.4.3-dist"
            }
          ],
          "store_path": "/nix/store/w84j63jqij1adzwd7667nr9rakb27364-python3.11-yq-3.4.3"
        },
        "x86_64-linux": {
          "outputs": [
            {
              "name": "out",
              "path": "/nix/store/k58r09rfyaspq2ba32ng0irw09cpf8nh-python3.11-yq-3.4.3",
              "default": true
            },
            {
              "name": "dist",
              "path": "/nix/store/0w7y55zyjk97pvsryz0fbyw4gmijsh21-python3.11-yq-3.4.3-dist"
            }
          ],
          "store_path": "/nix/store/k58r09rfyaspq2ba32ng0irw09cpf8nh-python3.11-yq-3.4.3"
        }
      }
    },
    "zoxide@latest": {
      "last_modified": "2024-05-03T15:42:32Z",
      "resolved": "github:NixOS/nixpkgs/5fd8536a9a5932d4ae8de52b7dc08d92041237fc#zoxide",
      "source": "devbox-search",
      "version": "0.9.4",
      "systems": {
        "aarch64-darwin": {
          "outputs": [
            {
              "name": "out",
              "path": "/nix/store/9z4xy8rps6iphjaqb93zyqpdz8av7s8h-zoxide-0.9.4",
              "default": true
            }
          ],
          "store_path": "/nix/store/9z4xy8rps6iphjaqb93zyqpdz8av7s8h-zoxide-0.9.4"
        },
        "aarch64-linux": {
          "outputs": [
            {
              "name": "out",
              "path": "/nix/store/yn7x68lm8d8zy1ca4w2lmmz0nh1xsikf-zoxide-0.9.4",
              "default": true
            }
          ],
          "store_path": "/nix/store/yn7x68lm8d8zy1ca4w2lmmz0nh1xsikf-zoxide-0.9.4"
        },
        "x86_64-darwin": {
          "outputs": [
            {
              "name": "out",
              "path": "/nix/store/yljb8kz8j9i7vm00q9sms33n8jqmblvj-zoxide-0.9.4",
              "default": true
            }
          ],
          "store_path": "/nix/store/yljb8kz8j9i7vm00q9sms33n8jqmblvj-zoxide-0.9.4"
        },
        "x86_64-linux": {
          "outputs": [
            {
              "name": "out",
              "path": "/nix/store/3700p9y6njzsskar98l8rkdjj3i0qs5j-zoxide-0.9.4",
              "default": true
            }
          ],
          "store_path": "/nix/store/3700p9y6njzsskar98l8rkdjj3i0qs5j-zoxide-0.9.4"
        }
      }
    }
  }
}
